
Microsoft Visual Studio Solution File, Format Version 12.00
# Visual Studio Version 17
VisualStudioVersion = 17.8.34316.72
MinimumVisualStudioVersion = 10.0.40219.1
Project("{9A19103F-16F7-4668-BE54-9A1E7A4F7556}") = "WebAppProject", "WebAppProject\WebAppProject.csproj", "{90C87BDC-4706-416D-BD1C-8E15024BE006}"
EndProject
Project("{9A19103F-16F7-4668-BE54-9A1E7A4F7556}") = "DataAccessLibrary", "DataAccessLibrary\DataAccessLibrary.csproj", "{4968F3DF-39D7-48F4-B972-135253274E10}"
EndProject
Project("{9A19103F-16F7-4668-BE54-9A1E7A4F7556}") = "onlineExamInestractour", "onlineExamInestractour\onlineExamInestractour.csproj", "{01E959EC-5B09-4970-B87C-5D8E4DA95C16}"
EndProject
Global
	GlobalSection(SolutionConfigurationPlatforms) = preSolution
		Debug|Any CPU = Debug|Any CPU
		Release|Any CPU = Release|Any CPU
	EndGlobalSection
	GlobalSection(ProjectConfigurationPlatforms) = postSolution
		{90C87BDC-4706-416D-BD1C-8E15024BE006}.Debug|Any CPU.ActiveCfg = Debug|Any CPU
		{90C87BDC-4706-416D-BD1C-8E15024BE006}.Debug|Any CPU.Build.0 = Debug|Any CPU
		{90C87BDC-4706-416D-BD1C-8E15024BE006}.Release|Any CPU.ActiveCfg = Release|Any CPU
		{90C87BDC-4706-416D-BD1C-8E15024BE006}.Release|Any CPU.Build.0 = Release|Any CPU
		{4968F3DF-39D7-48F4-B972-135253274E10}.Debug|Any CPU.ActiveCfg = Debug|Any CPU
		{4968F3DF-39D7-48F4-B972-135253274E10}.Debug|Any CPU.Build.0 = Debug|Any CPU
		{4968F3DF-39D7-48F4-B972-135253274E10}.Release|Any CPU.ActiveCfg = Release|Any CPU
		{4968F3DF-39D7-48F4-B972-135253274E10}.Release|Any CPU.Build.0 = Release|Any CPU
		{01E959EC-5B09-4970-B87C-5D8E4DA95C16}.Debug|Any CPU.ActiveCfg = Debug|Any CPU
		{01E959EC-5B09-4970-B87C-5D8E4DA95C16}.Debug|Any CPU.Build.0 = Debug|Any CPU
		{01E959EC-5B09-4970-B87C-5D8E4DA95C16}.Release|Any CPU.ActiveCfg = Release|Any CPU
		{01E959EC-5B09-4970-B87C-5D8E4DA95C16}.Release|Any CPU.Build.0 = Release|Any CPU
	EndGlobalSection
	GlobalSection(SolutionProperties) = preSolution
		HideSolutionNode = FALSE
	EndGlobalSection
	GlobalSection(ExtensibilityGlobals) = postSolution
		SolutionGuid = {D90D461B-C216-48C0-B037-B3624A91B884}
	EndGlobalSection
EndGlobal
