
Microsoft Visual Studio Solution File, Format Version 12.00
# Visual Studio Version 17
VisualStudioVersion = 17.9.34607.119
MinimumVisualStudioVersion = 10.0.40219.1
Project("{FAE04EC0-301F-11D3-BF4B-00C04F79EFBC}") = "onlineExamInestractour", "onlineExamInestractour\onlineExamInestractour.csproj", "{DD16B866-CA1F-4711-97FD-97472983978F}"
EndProject
Global
	GlobalSection(SolutionConfigurationPlatforms) = preSolution
		Debug|Any CPU = Debug|Any CPU
		Release|Any CPU = Release|Any CPU
	EndGlobalSection
	GlobalSection(ProjectConfigurationPlatforms) = postSolution
		{DD16B866-CA1F-4711-97FD-97472983978F}.Debug|Any CPU.ActiveCfg = Debug|Any CPU
		{DD16B866-CA1F-4711-97FD-97472983978F}.Debug|Any CPU.Build.0 = Debug|Any CPU
		{DD16B866-CA1F-4711-97FD-97472983978F}.Release|Any CPU.ActiveCfg = Release|Any CPU
		{DD16B866-CA1F-4711-97FD-97472983978F}.Release|Any CPU.Build.0 = Release|Any CPU
	EndGlobalSection
	GlobalSection(SolutionProperties) = preSolution
		HideSolutionNode = FALSE
	EndGlobalSection
	GlobalSection(ExtensibilityGlobals) = postSolution
		SolutionGuid = {D0D15A3A-D3C6-4224-BEDB-886D16FBA4C8}
	EndGlobalSection
EndGlobal
